
Microsoft Visual Studio Solution File, Format Version 12.00
# Visual Studio Version 16
VisualStudioVersion = 16.0.30503.244
MinimumVisualStudioVersion = 10.0.40219.1
Project("{FAE04EC0-301F-11D3-BF4B-00C04F79EFBC}") = "1.Reflection", "1.Reflection\1.Reflection.csproj", "{203E673E-BFA1-40A7-9C87-841F283F5C99}"
EndProject
Project("{FAE04EC0-301F-11D3-BF4B-00C04F79EFBC}") = "2.Attributes", "2.Attributes\2.Attributes.csproj", "{F62ADE27-376A-4905-8571-202675D55DFD}"
EndProject
Global
	GlobalSection(SolutionConfigurationPlatforms) = preSolution
		Debug|Any CPU = Debug|Any CPU
		Release|Any CPU = Release|Any CPU
	EndGlobalSection
	GlobalSection(ProjectConfigurationPlatforms) = postSolution
		{203E673E-BFA1-40A7-9C87-841F283F5C99}.Debug|Any CPU.ActiveCfg = Debug|Any CPU
		{203E673E-BFA1-40A7-9C87-841F283F5C99}.Debug|Any CPU.Build.0 = Debug|Any CPU
		{203E673E-BFA1-40A7-9C87-841F283F5C99}.Release|Any CPU.ActiveCfg = Release|Any CPU
		{203E673E-BFA1-40A7-9C87-841F283F5C99}.Release|Any CPU.Build.0 = Release|Any CPU
		{F62ADE27-376A-4905-8571-202675D55DFD}.Debug|Any CPU.ActiveCfg = Debug|Any CPU
		{F62ADE27-376A-4905-8571-202675D55DFD}.Debug|Any CPU.Build.0 = Debug|Any CPU
		{F62ADE27-376A-4905-8571-202675D55DFD}.Release|Any CPU.ActiveCfg = Release|Any CPU
		{F62ADE27-376A-4905-8571-202675D55DFD}.Release|Any CPU.Build.0 = Release|Any CPU
	EndGlobalSection
	GlobalSection(SolutionProperties) = preSolution
		HideSolutionNode = FALSE
	EndGlobalSection
	GlobalSection(ExtensibilityGlobals) = postSolution
		SolutionGuid = {BFCF836B-21D2-4205-82D2-74ADCCA5623B}
	EndGlobalSection
EndGlobal
