
Microsoft Visual Studio Solution File, Format Version 12.00
# Visual Studio Version 16
VisualStudioVersion = 16.0.30503.244
MinimumVisualStudioVersion = 10.0.40219.1
Project("{9A19103F-16F7-4668-BE54-9A1E7A4F7556}") = "01.EvenLines", "01.EvenLines\01.EvenLines.csproj", "{43EEB2BD-DE03-4B74-9E64-E5BE271FD383}"
EndProject
Project("{9A19103F-16F7-4668-BE54-9A1E7A4F7556}") = "06.ZipandExtract", "06.ZipandExtract\06.ZipandExtract.csproj", "{74325A9C-E77A-4A69-B274-6C30B554249B}"
EndProject
Project("{FAE04EC0-301F-11D3-BF4B-00C04F79EFBC}") = "02.LineNumbers", "02.LineNumbers\02.LineNumbers.csproj", "{371C70A4-B829-4689-AD44-5A24C460818B}"
EndProject
Project("{FAE04EC0-301F-11D3-BF4B-00C04F79EFBC}") = "04.CopyBinaryFile", "04.CopyBinaryFile\04.CopyBinaryFile.csproj", "{1D5B6275-E245-402A-A2C1-46BACC5845B0}"
EndProject
Project("{FAE04EC0-301F-11D3-BF4B-00C04F79EFBC}") = "05.DirectoryTraversal", "05.DirectoryTraversal\05.DirectoryTraversal.csproj", "{6711CC9B-FD36-4200-A83E-0444D9A7A395}"
EndProject
Project("{FAE04EC0-301F-11D3-BF4B-00C04F79EFBC}") = "03.WordCount", "03.WordCount\03.WordCount.csproj", "{F4B9BE61-E3F0-41F5-800B-8D9896632D1A}"
EndProject
Global
	GlobalSection(SolutionConfigurationPlatforms) = preSolution
		Debug|Any CPU = Debug|Any CPU
		Release|Any CPU = Release|Any CPU
	EndGlobalSection
	GlobalSection(ProjectConfigurationPlatforms) = postSolution
		{43EEB2BD-DE03-4B74-9E64-E5BE271FD383}.Debug|Any CPU.ActiveCfg = Debug|Any CPU
		{43EEB2BD-DE03-4B74-9E64-E5BE271FD383}.Debug|Any CPU.Build.0 = Debug|Any CPU
		{43EEB2BD-DE03-4B74-9E64-E5BE271FD383}.Release|Any CPU.ActiveCfg = Release|Any CPU
		{43EEB2BD-DE03-4B74-9E64-E5BE271FD383}.Release|Any CPU.Build.0 = Release|Any CPU
		{74325A9C-E77A-4A69-B274-6C30B554249B}.Debug|Any CPU.ActiveCfg = Debug|Any CPU
		{74325A9C-E77A-4A69-B274-6C30B554249B}.Debug|Any CPU.Build.0 = Debug|Any CPU
		{74325A9C-E77A-4A69-B274-6C30B554249B}.Release|Any CPU.ActiveCfg = Release|Any CPU
		{74325A9C-E77A-4A69-B274-6C30B554249B}.Release|Any CPU.Build.0 = Release|Any CPU
		{371C70A4-B829-4689-AD44-5A24C460818B}.Debug|Any CPU.ActiveCfg = Debug|Any CPU
		{371C70A4-B829-4689-AD44-5A24C460818B}.Debug|Any CPU.Build.0 = Debug|Any CPU
		{371C70A4-B829-4689-AD44-5A24C460818B}.Release|Any CPU.ActiveCfg = Release|Any CPU
		{371C70A4-B829-4689-AD44-5A24C460818B}.Release|Any CPU.Build.0 = Release|Any CPU
		{1D5B6275-E245-402A-A2C1-46BACC5845B0}.Debug|Any CPU.ActiveCfg = Debug|Any CPU
		{1D5B6275-E245-402A-A2C1-46BACC5845B0}.Debug|Any CPU.Build.0 = Debug|Any CPU
		{1D5B6275-E245-402A-A2C1-46BACC5845B0}.Release|Any CPU.ActiveCfg = Release|Any CPU
		{1D5B6275-E245-402A-A2C1-46BACC5845B0}.Release|Any CPU.Build.0 = Release|Any CPU
		{6711CC9B-FD36-4200-A83E-0444D9A7A395}.Debug|Any CPU.ActiveCfg = Debug|Any CPU
		{6711CC9B-FD36-4200-A83E-0444D9A7A395}.Debug|Any CPU.Build.0 = Debug|Any CPU
		{6711CC9B-FD36-4200-A83E-0444D9A7A395}.Release|Any CPU.ActiveCfg = Release|Any CPU
		{6711CC9B-FD36-4200-A83E-0444D9A7A395}.Release|Any CPU.Build.0 = Release|Any CPU
		{F4B9BE61-E3F0-41F5-800B-8D9896632D1A}.Debug|Any CPU.ActiveCfg = Debug|Any CPU
		{F4B9BE61-E3F0-41F5-800B-8D9896632D1A}.Debug|Any CPU.Build.0 = Debug|Any CPU
		{F4B9BE61-E3F0-41F5-800B-8D9896632D1A}.Release|Any CPU.ActiveCfg = Release|Any CPU
		{F4B9BE61-E3F0-41F5-800B-8D9896632D1A}.Release|Any CPU.Build.0 = Release|Any CPU
	EndGlobalSection
	GlobalSection(SolutionProperties) = preSolution
		HideSolutionNode = FALSE
	EndGlobalSection
	GlobalSection(ExtensibilityGlobals) = postSolution
		SolutionGuid = {2A4255DF-D1C7-48DC-A365-368B05BD0110}
	EndGlobalSection
EndGlobal
