
Microsoft Visual Studio Solution File, Format Version 12.00
# Visual Studio Version 16
VisualStudioVersion = 16.0.30503.244
MinimumVisualStudioVersion = 10.0.40219.1
Project("{FAE04EC0-301F-11D3-BF4B-00C04F79EFBC}") = "1.Box", "1.BoxT\1.Box.csproj", "{2029EFFB-58D0-4955-B57A-DD8137CD27A8}"
EndProject
Project("{FAE04EC0-301F-11D3-BF4B-00C04F79EFBC}") = "2.GenericArrayCreator", "2.GenericArrayCreator\2.GenericArrayCreator.csproj", "{29675E01-9DA0-442D-8170-96770C7C5BBA}"
EndProject
Project("{FAE04EC0-301F-11D3-BF4B-00C04F79EFBC}") = "3.GenericScale", "3.GenericScale\3.GenericScale.csproj", "{C54F38C7-09F1-4912-A8CB-B41F1E08B9B3}"
EndProject
Global
	GlobalSection(SolutionConfigurationPlatforms) = preSolution
		Debug|Any CPU = Debug|Any CPU
		Release|Any CPU = Release|Any CPU
	EndGlobalSection
	GlobalSection(ProjectConfigurationPlatforms) = postSolution
		{2029EFFB-58D0-4955-B57A-DD8137CD27A8}.Debug|Any CPU.ActiveCfg = Debug|Any CPU
		{2029EFFB-58D0-4955-B57A-DD8137CD27A8}.Debug|Any CPU.Build.0 = Debug|Any CPU
		{2029EFFB-58D0-4955-B57A-DD8137CD27A8}.Release|Any CPU.ActiveCfg = Release|Any CPU
		{2029EFFB-58D0-4955-B57A-DD8137CD27A8}.Release|Any CPU.Build.0 = Release|Any CPU
		{29675E01-9DA0-442D-8170-96770C7C5BBA}.Debug|Any CPU.ActiveCfg = Debug|Any CPU
		{29675E01-9DA0-442D-8170-96770C7C5BBA}.Debug|Any CPU.Build.0 = Debug|Any CPU
		{29675E01-9DA0-442D-8170-96770C7C5BBA}.Release|Any CPU.ActiveCfg = Release|Any CPU
		{29675E01-9DA0-442D-8170-96770C7C5BBA}.Release|Any CPU.Build.0 = Release|Any CPU
		{C54F38C7-09F1-4912-A8CB-B41F1E08B9B3}.Debug|Any CPU.ActiveCfg = Debug|Any CPU
		{C54F38C7-09F1-4912-A8CB-B41F1E08B9B3}.Debug|Any CPU.Build.0 = Debug|Any CPU
		{C54F38C7-09F1-4912-A8CB-B41F1E08B9B3}.Release|Any CPU.ActiveCfg = Release|Any CPU
		{C54F38C7-09F1-4912-A8CB-B41F1E08B9B3}.Release|Any CPU.Build.0 = Release|Any CPU
	EndGlobalSection
	GlobalSection(SolutionProperties) = preSolution
		HideSolutionNode = FALSE
	EndGlobalSection
	GlobalSection(ExtensibilityGlobals) = postSolution
		SolutionGuid = {6938F61D-049C-45AF-8A96-4B89998FFD73}
	EndGlobalSection
EndGlobal
