
Microsoft Visual Studio Solution File, Format Version 12.00
# Visual Studio Version 16
VisualStudioVersion = 16.0.30503.244
MinimumVisualStudioVersion = 10.0.40219.1
Project("{9A19103F-16F7-4668-BE54-9A1E7A4F7556}") = "1.RecursiveArraySum", "1.RecursiveArraySum\1.RecursiveArraySum.csproj", "{D457034A-A038-49EE-B401-42EEE26752D2}"
EndProject
Project("{FAE04EC0-301F-11D3-BF4B-00C04F79EFBC}") = "2.SumofCoins", "2.SumofCoins\2.SumofCoins.csproj", "{73DC8E7D-228B-4C71-884A-2B659F64A8FC}"
EndProject
Global
	GlobalSection(SolutionConfigurationPlatforms) = preSolution
		Debug|Any CPU = Debug|Any CPU
		Release|Any CPU = Release|Any CPU
	EndGlobalSection
	GlobalSection(ProjectConfigurationPlatforms) = postSolution
		{D457034A-A038-49EE-B401-42EEE26752D2}.Debug|Any CPU.ActiveCfg = Debug|Any CPU
		{D457034A-A038-49EE-B401-42EEE26752D2}.Debug|Any CPU.Build.0 = Debug|Any CPU
		{D457034A-A038-49EE-B401-42EEE26752D2}.Release|Any CPU.ActiveCfg = Release|Any CPU
		{D457034A-A038-49EE-B401-42EEE26752D2}.Release|Any CPU.Build.0 = Release|Any CPU
		{73DC8E7D-228B-4C71-884A-2B659F64A8FC}.Debug|Any CPU.ActiveCfg = Debug|Any CPU
		{73DC8E7D-228B-4C71-884A-2B659F64A8FC}.Debug|Any CPU.Build.0 = Debug|Any CPU
		{73DC8E7D-228B-4C71-884A-2B659F64A8FC}.Release|Any CPU.ActiveCfg = Release|Any CPU
		{73DC8E7D-228B-4C71-884A-2B659F64A8FC}.Release|Any CPU.Build.0 = Release|Any CPU
	EndGlobalSection
	GlobalSection(SolutionProperties) = preSolution
		HideSolutionNode = FALSE
	EndGlobalSection
	GlobalSection(ExtensibilityGlobals) = postSolution
		SolutionGuid = {AF105CF5-C548-480C-BEB3-ADA31FC300C7}
	EndGlobalSection
EndGlobal
