
Microsoft Visual Studio Solution File, Format Version 12.00
# Visual Studio Version 16
VisualStudioVersion = 16.0.30503.244
MinimumVisualStudioVersion = 10.0.40219.1
Project("{9A19103F-16F7-4668-BE54-9A1E7A4F7556}") = "1.ClassBoxData", "1.ClassBoxData\1.ClassBoxData.csproj", "{9827A18A-E21C-4578-B6B7-0A1836D85680}"
EndProject
Project("{9A19103F-16F7-4668-BE54-9A1E7A4F7556}") = "3.ShoppingSpree", "3.ShoppingSpree\3.ShoppingSpree.csproj", "{107CF629-BBBC-4994-8F4D-493756583186}"
EndProject
Project("{FAE04EC0-301F-11D3-BF4B-00C04F79EFBC}") = "5.FootballTeamGenerator", "5.FootballTeamGenerator\5.FootballTeamGenerator.csproj", "{E8402A53-FFAA-44D4-8673-7727BE7972DA}"
EndProject
Global
	GlobalSection(SolutionConfigurationPlatforms) = preSolution
		Debug|Any CPU = Debug|Any CPU
		Release|Any CPU = Release|Any CPU
	EndGlobalSection
	GlobalSection(ProjectConfigurationPlatforms) = postSolution
		{9827A18A-E21C-4578-B6B7-0A1836D85680}.Debug|Any CPU.ActiveCfg = Debug|Any CPU
		{9827A18A-E21C-4578-B6B7-0A1836D85680}.Debug|Any CPU.Build.0 = Debug|Any CPU
		{9827A18A-E21C-4578-B6B7-0A1836D85680}.Release|Any CPU.ActiveCfg = Release|Any CPU
		{9827A18A-E21C-4578-B6B7-0A1836D85680}.Release|Any CPU.Build.0 = Release|Any CPU
		{107CF629-BBBC-4994-8F4D-493756583186}.Debug|Any CPU.ActiveCfg = Debug|Any CPU
		{107CF629-BBBC-4994-8F4D-493756583186}.Debug|Any CPU.Build.0 = Debug|Any CPU
		{107CF629-BBBC-4994-8F4D-493756583186}.Release|Any CPU.ActiveCfg = Release|Any CPU
		{107CF629-BBBC-4994-8F4D-493756583186}.Release|Any CPU.Build.0 = Release|Any CPU
		{E8402A53-FFAA-44D4-8673-7727BE7972DA}.Debug|Any CPU.ActiveCfg = Debug|Any CPU
		{E8402A53-FFAA-44D4-8673-7727BE7972DA}.Debug|Any CPU.Build.0 = Debug|Any CPU
		{E8402A53-FFAA-44D4-8673-7727BE7972DA}.Release|Any CPU.ActiveCfg = Release|Any CPU
		{E8402A53-FFAA-44D4-8673-7727BE7972DA}.Release|Any CPU.Build.0 = Release|Any CPU
	EndGlobalSection
	GlobalSection(SolutionProperties) = preSolution
		HideSolutionNode = FALSE
	EndGlobalSection
	GlobalSection(ExtensibilityGlobals) = postSolution
		SolutionGuid = {29DC698B-909D-48D1-8B6D-AD3713AC2356}
	EndGlobalSection
EndGlobal
