
Microsoft Visual Studio Solution File, Format Version 12.00
# Visual Studio Version 16
VisualStudioVersion = 16.0.30114.105
MinimumVisualStudioVersion = 10.0.40219.1
Project("{FAE04EC0-301F-11D3-BF4B-00C04F79EFBC}") = "01.DiagonalDifference", "01.DiagonalDifference\01.DiagonalDifference.csproj", "{81D0FCFD-4574-47AC-8D0D-FFA9012B3AF0}"
EndProject
Project("{FAE04EC0-301F-11D3-BF4B-00C04F79EFBC}") = "02.2X2SquaresInMatrix", "02.2X2SquaresInMatrix\02.2X2SquaresInMatrix.csproj", "{B111E05C-9879-49D2-A42B-55A3D9C4AB7A}"
EndProject
Project("{FAE04EC0-301F-11D3-BF4B-00C04F79EFBC}") = "03.MaximalSum", "03.MaximalSum\03.MaximalSum.csproj", "{DB7B093E-9198-4DA7-BA1E-D3D7ADF2F09C}"
EndProject
Project("{FAE04EC0-301F-11D3-BF4B-00C04F79EFBC}") = "04.MatrixShuffling", "04.MatrixShuffling\04.MatrixShuffling.csproj", "{F8E6D644-F22F-4022-8EDC-32F8ECC50F0E}"
EndProject
Project("{FAE04EC0-301F-11D3-BF4B-00C04F79EFBC}") = "05.SnakeMoves", "05.SnakeMoves\05.SnakeMoves.csproj", "{109BC8C5-9285-4CBF-9191-96287324AA27}"
EndProject
Project("{FAE04EC0-301F-11D3-BF4B-00C04F79EFBC}") = "06.JaggedArrayManipulator", "06.JaggedArrayManipulator\06.JaggedArrayManipulator.csproj", "{A96BFDFD-16C8-4C87-A889-268B5DD3A0B3}"
EndProject
Project("{FAE04EC0-301F-11D3-BF4B-00C04F79EFBC}") = "07.KnightGame", "07.KnightGame\07.KnightGame.csproj", "{F08034DC-388A-4D49-8C69-E2B7F9593FE1}"
EndProject
Project("{FAE04EC0-301F-11D3-BF4B-00C04F79EFBC}") = "08.Bombs", "08.Bombs\08.Bombs.csproj", "{1FAFD041-0C54-4079-9F7E-34199A46C78F}"
EndProject
Project("{FAE04EC0-301F-11D3-BF4B-00C04F79EFBC}") = "09.Miner", "09.Miner\09.Miner.csproj", "{9C481850-C574-4A34-859E-623DAE9952AB}"
EndProject
Project("{FAE04EC0-301F-11D3-BF4B-00C04F79EFBC}") = "10.RadioactiveMutantVampireBunnies", "10.RadioactiveMutantVampireBunnies\10.RadioactiveMutantVampireBunnies.csproj", "{27C51329-037E-40D6-BC49-20E9BD6E09CF}"
EndProject
Global
	GlobalSection(SolutionConfigurationPlatforms) = preSolution
		Debug|Any CPU = Debug|Any CPU
		Release|Any CPU = Release|Any CPU
	EndGlobalSection
	GlobalSection(ProjectConfigurationPlatforms) = postSolution
		{81D0FCFD-4574-47AC-8D0D-FFA9012B3AF0}.Debug|Any CPU.ActiveCfg = Debug|Any CPU
		{81D0FCFD-4574-47AC-8D0D-FFA9012B3AF0}.Debug|Any CPU.Build.0 = Debug|Any CPU
		{81D0FCFD-4574-47AC-8D0D-FFA9012B3AF0}.Release|Any CPU.ActiveCfg = Release|Any CPU
		{81D0FCFD-4574-47AC-8D0D-FFA9012B3AF0}.Release|Any CPU.Build.0 = Release|Any CPU
		{B111E05C-9879-49D2-A42B-55A3D9C4AB7A}.Debug|Any CPU.ActiveCfg = Debug|Any CPU
		{B111E05C-9879-49D2-A42B-55A3D9C4AB7A}.Debug|Any CPU.Build.0 = Debug|Any CPU
		{B111E05C-9879-49D2-A42B-55A3D9C4AB7A}.Release|Any CPU.ActiveCfg = Release|Any CPU
		{B111E05C-9879-49D2-A42B-55A3D9C4AB7A}.Release|Any CPU.Build.0 = Release|Any CPU
		{DB7B093E-9198-4DA7-BA1E-D3D7ADF2F09C}.Debug|Any CPU.ActiveCfg = Debug|Any CPU
		{DB7B093E-9198-4DA7-BA1E-D3D7ADF2F09C}.Debug|Any CPU.Build.0 = Debug|Any CPU
		{DB7B093E-9198-4DA7-BA1E-D3D7ADF2F09C}.Release|Any CPU.ActiveCfg = Release|Any CPU
		{DB7B093E-9198-4DA7-BA1E-D3D7ADF2F09C}.Release|Any CPU.Build.0 = Release|Any CPU
		{F8E6D644-F22F-4022-8EDC-32F8ECC50F0E}.Debug|Any CPU.ActiveCfg = Debug|Any CPU
		{F8E6D644-F22F-4022-8EDC-32F8ECC50F0E}.Debug|Any CPU.Build.0 = Debug|Any CPU
		{F8E6D644-F22F-4022-8EDC-32F8ECC50F0E}.Release|Any CPU.ActiveCfg = Release|Any CPU
		{F8E6D644-F22F-4022-8EDC-32F8ECC50F0E}.Release|Any CPU.Build.0 = Release|Any CPU
		{109BC8C5-9285-4CBF-9191-96287324AA27}.Debug|Any CPU.ActiveCfg = Debug|Any CPU
		{109BC8C5-9285-4CBF-9191-96287324AA27}.Debug|Any CPU.Build.0 = Debug|Any CPU
		{109BC8C5-9285-4CBF-9191-96287324AA27}.Release|Any CPU.ActiveCfg = Release|Any CPU
		{109BC8C5-9285-4CBF-9191-96287324AA27}.Release|Any CPU.Build.0 = Release|Any CPU
		{A96BFDFD-16C8-4C87-A889-268B5DD3A0B3}.Debug|Any CPU.ActiveCfg = Debug|Any CPU
		{A96BFDFD-16C8-4C87-A889-268B5DD3A0B3}.Debug|Any CPU.Build.0 = Debug|Any CPU
		{A96BFDFD-16C8-4C87-A889-268B5DD3A0B3}.Release|Any CPU.ActiveCfg = Release|Any CPU
		{A96BFDFD-16C8-4C87-A889-268B5DD3A0B3}.Release|Any CPU.Build.0 = Release|Any CPU
		{F08034DC-388A-4D49-8C69-E2B7F9593FE1}.Debug|Any CPU.ActiveCfg = Debug|Any CPU
		{F08034DC-388A-4D49-8C69-E2B7F9593FE1}.Debug|Any CPU.Build.0 = Debug|Any CPU
		{F08034DC-388A-4D49-8C69-E2B7F9593FE1}.Release|Any CPU.ActiveCfg = Release|Any CPU
		{F08034DC-388A-4D49-8C69-E2B7F9593FE1}.Release|Any CPU.Build.0 = Release|Any CPU
		{1FAFD041-0C54-4079-9F7E-34199A46C78F}.Debug|Any CPU.ActiveCfg = Debug|Any CPU
		{1FAFD041-0C54-4079-9F7E-34199A46C78F}.Debug|Any CPU.Build.0 = Debug|Any CPU
		{1FAFD041-0C54-4079-9F7E-34199A46C78F}.Release|Any CPU.ActiveCfg = Release|Any CPU
		{1FAFD041-0C54-4079-9F7E-34199A46C78F}.Release|Any CPU.Build.0 = Release|Any CPU
		{9C481850-C574-4A34-859E-623DAE9952AB}.Debug|Any CPU.ActiveCfg = Debug|Any CPU
		{9C481850-C574-4A34-859E-623DAE9952AB}.Debug|Any CPU.Build.0 = Debug|Any CPU
		{9C481850-C574-4A34-859E-623DAE9952AB}.Release|Any CPU.ActiveCfg = Release|Any CPU
		{9C481850-C574-4A34-859E-623DAE9952AB}.Release|Any CPU.Build.0 = Release|Any CPU
		{27C51329-037E-40D6-BC49-20E9BD6E09CF}.Debug|Any CPU.ActiveCfg = Debug|Any CPU
		{27C51329-037E-40D6-BC49-20E9BD6E09CF}.Debug|Any CPU.Build.0 = Debug|Any CPU
		{27C51329-037E-40D6-BC49-20E9BD6E09CF}.Release|Any CPU.ActiveCfg = Release|Any CPU
		{27C51329-037E-40D6-BC49-20E9BD6E09CF}.Release|Any CPU.Build.0 = Release|Any CPU
	EndGlobalSection
	GlobalSection(SolutionProperties) = preSolution
		HideSolutionNode = FALSE
	EndGlobalSection
	GlobalSection(ExtensibilityGlobals) = postSolution
		SolutionGuid = {611693D6-2817-4813-9FB7-5E2C59C5970C}
	EndGlobalSection
EndGlobal
