
Microsoft Visual Studio Solution File, Format Version 12.00
# Visual Studio Version 16
VisualStudioVersion = 16.0.30503.244
MinimumVisualStudioVersion = 10.0.40219.1
Project("{FAE04EC0-301F-11D3-BF4B-00C04F79EFBC}") = "1.Reflection", "1.Stealer\1.Reflection.csproj", "{58191292-20E1-48F0-B6C8-FA8A6C0C6E3D}"
EndProject
Project("{FAE04EC0-301F-11D3-BF4B-00C04F79EFBC}") = "2.Attributes", "2.Attributes\2.Attributes.csproj", "{090C8CDD-8647-4E3B-A5CD-54A5B32428C1}"
EndProject
Global
	GlobalSection(SolutionConfigurationPlatforms) = preSolution
		Debug|Any CPU = Debug|Any CPU
		Release|Any CPU = Release|Any CPU
	EndGlobalSection
	GlobalSection(ProjectConfigurationPlatforms) = postSolution
		{58191292-20E1-48F0-B6C8-FA8A6C0C6E3D}.Debug|Any CPU.ActiveCfg = Debug|Any CPU
		{58191292-20E1-48F0-B6C8-FA8A6C0C6E3D}.Debug|Any CPU.Build.0 = Debug|Any CPU
		{58191292-20E1-48F0-B6C8-FA8A6C0C6E3D}.Release|Any CPU.ActiveCfg = Release|Any CPU
		{58191292-20E1-48F0-B6C8-FA8A6C0C6E3D}.Release|Any CPU.Build.0 = Release|Any CPU
		{090C8CDD-8647-4E3B-A5CD-54A5B32428C1}.Debug|Any CPU.ActiveCfg = Debug|Any CPU
		{090C8CDD-8647-4E3B-A5CD-54A5B32428C1}.Debug|Any CPU.Build.0 = Debug|Any CPU
		{090C8CDD-8647-4E3B-A5CD-54A5B32428C1}.Release|Any CPU.ActiveCfg = Release|Any CPU
		{090C8CDD-8647-4E3B-A5CD-54A5B32428C1}.Release|Any CPU.Build.0 = Release|Any CPU
	EndGlobalSection
	GlobalSection(SolutionProperties) = preSolution
		HideSolutionNode = FALSE
	EndGlobalSection
	GlobalSection(ExtensibilityGlobals) = postSolution
		SolutionGuid = {BC9428D5-085F-4728-B8E2-A85F9E62D27C}
	EndGlobalSection
EndGlobal
