
Microsoft Visual Studio Solution File, Format Version 12.00
# Visual Studio Version 16
VisualStudioVersion = 16.0.30503.244
MinimumVisualStudioVersion = 10.0.40219.1
Project("{9A19103F-16F7-4668-BE54-9A1E7A4F7556}") = "1.RhombusOfStars", "1.RhombusOfStars\1.RhombusOfStars.csproj", "{4E2AB839-157D-482E-916A-35D3C3DC46D4}"
EndProject
Project("{9A19103F-16F7-4668-BE54-9A1E7A4F7556}") = "2.PointInRectangle", "2.PointInRectangle\2.PointInRectangle.csproj", "{DFBD659A-3913-4DA8-88D0-95213C7CC91C}"
EndProject
Project("{9A19103F-16F7-4668-BE54-9A1E7A4F7556}") = "3.StudentSystem", "3.studentSystem\3.StudentSystem.csproj", "{8AC7416B-D683-4521-9681-97B2CBB7A9B1}"
EndProject
Project("{FAE04EC0-301F-11D3-BF4B-00C04F79EFBC}") = "4.HotelReservation", "4.HotelReservation\4.HotelReservation.csproj", "{493BCFFC-F7D2-4598-922F-74CBB17AE004}"
EndProject
Global
	GlobalSection(SolutionConfigurationPlatforms) = preSolution
		Debug|Any CPU = Debug|Any CPU
		Release|Any CPU = Release|Any CPU
	EndGlobalSection
	GlobalSection(ProjectConfigurationPlatforms) = postSolution
		{4E2AB839-157D-482E-916A-35D3C3DC46D4}.Debug|Any CPU.ActiveCfg = Debug|Any CPU
		{4E2AB839-157D-482E-916A-35D3C3DC46D4}.Debug|Any CPU.Build.0 = Debug|Any CPU
		{4E2AB839-157D-482E-916A-35D3C3DC46D4}.Release|Any CPU.ActiveCfg = Release|Any CPU
		{4E2AB839-157D-482E-916A-35D3C3DC46D4}.Release|Any CPU.Build.0 = Release|Any CPU
		{DFBD659A-3913-4DA8-88D0-95213C7CC91C}.Debug|Any CPU.ActiveCfg = Debug|Any CPU
		{DFBD659A-3913-4DA8-88D0-95213C7CC91C}.Debug|Any CPU.Build.0 = Debug|Any CPU
		{DFBD659A-3913-4DA8-88D0-95213C7CC91C}.Release|Any CPU.ActiveCfg = Release|Any CPU
		{DFBD659A-3913-4DA8-88D0-95213C7CC91C}.Release|Any CPU.Build.0 = Release|Any CPU
		{8AC7416B-D683-4521-9681-97B2CBB7A9B1}.Debug|Any CPU.ActiveCfg = Debug|Any CPU
		{8AC7416B-D683-4521-9681-97B2CBB7A9B1}.Debug|Any CPU.Build.0 = Debug|Any CPU
		{8AC7416B-D683-4521-9681-97B2CBB7A9B1}.Release|Any CPU.ActiveCfg = Release|Any CPU
		{8AC7416B-D683-4521-9681-97B2CBB7A9B1}.Release|Any CPU.Build.0 = Release|Any CPU
		{493BCFFC-F7D2-4598-922F-74CBB17AE004}.Debug|Any CPU.ActiveCfg = Debug|Any CPU
		{493BCFFC-F7D2-4598-922F-74CBB17AE004}.Debug|Any CPU.Build.0 = Debug|Any CPU
		{493BCFFC-F7D2-4598-922F-74CBB17AE004}.Release|Any CPU.ActiveCfg = Release|Any CPU
		{493BCFFC-F7D2-4598-922F-74CBB17AE004}.Release|Any CPU.Build.0 = Release|Any CPU
	EndGlobalSection
	GlobalSection(SolutionProperties) = preSolution
		HideSolutionNode = FALSE
	EndGlobalSection
	GlobalSection(ExtensibilityGlobals) = postSolution
		SolutionGuid = {D5443775-B377-4AED-B58F-5FF29E881004}
	EndGlobalSection
EndGlobal
