
Microsoft Visual Studio Solution File, Format Version 12.00
# Visual Studio Version 16
VisualStudioVersion = 16.0.30503.244
MinimumVisualStudioVersion = 10.0.40219.1
Project("{9A19103F-16F7-4668-BE54-9A1E7A4F7556}") = "1.Inheritance", "1.SingleInheritance\1.Inheritance.csproj", "{DB3B8C08-DE9D-49A4-B6CA-6A38A2BEBFC0}"
EndProject
Project("{FAE04EC0-301F-11D3-BF4B-00C04F79EFBC}") = "4.RandomList", "4.RandomList\4.RandomList.csproj", "{898C3E30-3010-4DEB-B0B5-9BA00BBE7198}"
EndProject
Project("{FAE04EC0-301F-11D3-BF4B-00C04F79EFBC}") = "5.StackOfStrings", "5.StackOfStrings\5.StackOfStrings.csproj", "{3BBD787D-351D-4C79-86A5-BEE6A32FA67D}"
EndProject
Global
	GlobalSection(SolutionConfigurationPlatforms) = preSolution
		Debug|Any CPU = Debug|Any CPU
		Release|Any CPU = Release|Any CPU
	EndGlobalSection
	GlobalSection(ProjectConfigurationPlatforms) = postSolution
		{DB3B8C08-DE9D-49A4-B6CA-6A38A2BEBFC0}.Debug|Any CPU.ActiveCfg = Debug|Any CPU
		{DB3B8C08-DE9D-49A4-B6CA-6A38A2BEBFC0}.Debug|Any CPU.Build.0 = Debug|Any CPU
		{DB3B8C08-DE9D-49A4-B6CA-6A38A2BEBFC0}.Release|Any CPU.ActiveCfg = Release|Any CPU
		{DB3B8C08-DE9D-49A4-B6CA-6A38A2BEBFC0}.Release|Any CPU.Build.0 = Release|Any CPU
		{898C3E30-3010-4DEB-B0B5-9BA00BBE7198}.Debug|Any CPU.ActiveCfg = Debug|Any CPU
		{898C3E30-3010-4DEB-B0B5-9BA00BBE7198}.Debug|Any CPU.Build.0 = Debug|Any CPU
		{898C3E30-3010-4DEB-B0B5-9BA00BBE7198}.Release|Any CPU.ActiveCfg = Release|Any CPU
		{898C3E30-3010-4DEB-B0B5-9BA00BBE7198}.Release|Any CPU.Build.0 = Release|Any CPU
		{3BBD787D-351D-4C79-86A5-BEE6A32FA67D}.Debug|Any CPU.ActiveCfg = Debug|Any CPU
		{3BBD787D-351D-4C79-86A5-BEE6A32FA67D}.Debug|Any CPU.Build.0 = Debug|Any CPU
		{3BBD787D-351D-4C79-86A5-BEE6A32FA67D}.Release|Any CPU.ActiveCfg = Release|Any CPU
		{3BBD787D-351D-4C79-86A5-BEE6A32FA67D}.Release|Any CPU.Build.0 = Release|Any CPU
	EndGlobalSection
	GlobalSection(SolutionProperties) = preSolution
		HideSolutionNode = FALSE
	EndGlobalSection
	GlobalSection(ExtensibilityGlobals) = postSolution
		SolutionGuid = {0FCD1F47-2748-457A-A2CF-7EC57FE0AA5C}
	EndGlobalSection
EndGlobal
