
Microsoft Visual Studio Solution File, Format Version 12.00
# Visual Studio Version 16
VisualStudioVersion = 16.0.30611.23
MinimumVisualStudioVersion = 10.0.40219.1
Project("{9A19103F-16F7-4668-BE54-9A1E7A4F7556}") = "CompositePattern", "CompositePattern\CompositePattern.csproj", "{089041DB-71A5-4EF3-B2F6-963588B373CD}"
EndProject
Project("{9A19103F-16F7-4668-BE54-9A1E7A4F7556}") = "TemplatePattern", "TemplatePattern\TemplatePattern.csproj", "{1648E6CC-BF9B-4625-8BD8-83A9A3B79A39}"
EndProject
Project("{9A19103F-16F7-4668-BE54-9A1E7A4F7556}") = "PrototypePattern", "Prototype\PrototypePattern.csproj", "{1B001683-16D7-4A1C-8550-4A816AE71A5A}"
EndProject
Global
	GlobalSection(SolutionConfigurationPlatforms) = preSolution
		Debug|Any CPU = Debug|Any CPU
		Release|Any CPU = Release|Any CPU
	EndGlobalSection
	GlobalSection(ProjectConfigurationPlatforms) = postSolution
		{089041DB-71A5-4EF3-B2F6-963588B373CD}.Debug|Any CPU.ActiveCfg = Debug|Any CPU
		{089041DB-71A5-4EF3-B2F6-963588B373CD}.Debug|Any CPU.Build.0 = Debug|Any CPU
		{089041DB-71A5-4EF3-B2F6-963588B373CD}.Release|Any CPU.ActiveCfg = Release|Any CPU
		{089041DB-71A5-4EF3-B2F6-963588B373CD}.Release|Any CPU.Build.0 = Release|Any CPU
		{1648E6CC-BF9B-4625-8BD8-83A9A3B79A39}.Debug|Any CPU.ActiveCfg = Debug|Any CPU
		{1648E6CC-BF9B-4625-8BD8-83A9A3B79A39}.Debug|Any CPU.Build.0 = Debug|Any CPU
		{1648E6CC-BF9B-4625-8BD8-83A9A3B79A39}.Release|Any CPU.ActiveCfg = Release|Any CPU
		{1648E6CC-BF9B-4625-8BD8-83A9A3B79A39}.Release|Any CPU.Build.0 = Release|Any CPU
		{1B001683-16D7-4A1C-8550-4A816AE71A5A}.Debug|Any CPU.ActiveCfg = Debug|Any CPU
		{1B001683-16D7-4A1C-8550-4A816AE71A5A}.Debug|Any CPU.Build.0 = Debug|Any CPU
		{1B001683-16D7-4A1C-8550-4A816AE71A5A}.Release|Any CPU.ActiveCfg = Release|Any CPU
		{1B001683-16D7-4A1C-8550-4A816AE71A5A}.Release|Any CPU.Build.0 = Release|Any CPU
	EndGlobalSection
	GlobalSection(SolutionProperties) = preSolution
		HideSolutionNode = FALSE
	EndGlobalSection
	GlobalSection(ExtensibilityGlobals) = postSolution
		SolutionGuid = {0BB19625-88BA-4AA4-85A1-E29EC3F93CA4}
	EndGlobalSection
EndGlobal
