
Microsoft Visual Studio Solution File, Format Version 12.00
# Visual Studio Version 16
VisualStudioVersion = 16.0.30503.244
MinimumVisualStudioVersion = 10.0.40219.1
Project("{9A19103F-16F7-4668-BE54-9A1E7A4F7556}") = "1.DefineAnInterfaceIPerson", "1.DefineAnInterfaceIPerson\1.DefineAnInterfaceIPerson.csproj", "{0FB6EAB8-6A14-48B2-B15B-A0BF31DCDA46}"
EndProject
Project("{9A19103F-16F7-4668-BE54-9A1E7A4F7556}") = "3.Telephony", "3.Telephony\3.Telephony.csproj", "{ED0BDA94-8682-48AC-96AD-4757F0D975A8}"
EndProject
Project("{9A19103F-16F7-4668-BE54-9A1E7A4F7556}") = "7.MilitaryElite", "7.MilitaryElite\7.MilitaryElite.csproj", "{8684B9A7-7262-4354-A4A3-6978458DF4BE}"
EndProject
Project("{FAE04EC0-301F-11D3-BF4B-00C04F79EFBC}") = "9.ExplicitInterfaces", "9.ExplicitInterfaces\9.ExplicitInterfaces.csproj", "{BD2E9B91-1427-42AE-A057-E7D4876751B9}"
EndProject
Global
	GlobalSection(SolutionConfigurationPlatforms) = preSolution
		Debug|Any CPU = Debug|Any CPU
		Release|Any CPU = Release|Any CPU
	EndGlobalSection
	GlobalSection(ProjectConfigurationPlatforms) = postSolution
		{0FB6EAB8-6A14-48B2-B15B-A0BF31DCDA46}.Debug|Any CPU.ActiveCfg = Debug|Any CPU
		{0FB6EAB8-6A14-48B2-B15B-A0BF31DCDA46}.Debug|Any CPU.Build.0 = Debug|Any CPU
		{0FB6EAB8-6A14-48B2-B15B-A0BF31DCDA46}.Release|Any CPU.ActiveCfg = Release|Any CPU
		{0FB6EAB8-6A14-48B2-B15B-A0BF31DCDA46}.Release|Any CPU.Build.0 = Release|Any CPU
		{ED0BDA94-8682-48AC-96AD-4757F0D975A8}.Debug|Any CPU.ActiveCfg = Debug|Any CPU
		{ED0BDA94-8682-48AC-96AD-4757F0D975A8}.Debug|Any CPU.Build.0 = Debug|Any CPU
		{ED0BDA94-8682-48AC-96AD-4757F0D975A8}.Release|Any CPU.ActiveCfg = Release|Any CPU
		{ED0BDA94-8682-48AC-96AD-4757F0D975A8}.Release|Any CPU.Build.0 = Release|Any CPU
		{8684B9A7-7262-4354-A4A3-6978458DF4BE}.Debug|Any CPU.ActiveCfg = Debug|Any CPU
		{8684B9A7-7262-4354-A4A3-6978458DF4BE}.Debug|Any CPU.Build.0 = Debug|Any CPU
		{8684B9A7-7262-4354-A4A3-6978458DF4BE}.Release|Any CPU.ActiveCfg = Release|Any CPU
		{8684B9A7-7262-4354-A4A3-6978458DF4BE}.Release|Any CPU.Build.0 = Release|Any CPU
		{BD2E9B91-1427-42AE-A057-E7D4876751B9}.Debug|Any CPU.ActiveCfg = Debug|Any CPU
		{BD2E9B91-1427-42AE-A057-E7D4876751B9}.Debug|Any CPU.Build.0 = Debug|Any CPU
		{BD2E9B91-1427-42AE-A057-E7D4876751B9}.Release|Any CPU.ActiveCfg = Release|Any CPU
		{BD2E9B91-1427-42AE-A057-E7D4876751B9}.Release|Any CPU.Build.0 = Release|Any CPU
	EndGlobalSection
	GlobalSection(SolutionProperties) = preSolution
		HideSolutionNode = FALSE
	EndGlobalSection
	GlobalSection(ExtensibilityGlobals) = postSolution
		SolutionGuid = {9123E25E-B1B5-487B-9B33-39B0F80DAAB5}
	EndGlobalSection
EndGlobal
