
Microsoft Visual Studio Solution File, Format Version 12.00
# Visual Studio Version 16
VisualStudioVersion = 16.0.30503.244
MinimumVisualStudioVersion = 10.0.40219.1
Project("{9A19103F-16F7-4668-BE54-9A1E7A4F7556}") = "1.SortPersonsByNameAndAge", "1.SortPersonsByNameAndAge\1.SortPersonsByNameAndAge.csproj", "{CD1F54F9-B722-483A-9D5E-33B1843A9C71}"
EndProject
Global
	GlobalSection(SolutionConfigurationPlatforms) = preSolution
		Debug|Any CPU = Debug|Any CPU
		Release|Any CPU = Release|Any CPU
	EndGlobalSection
	GlobalSection(ProjectConfigurationPlatforms) = postSolution
		{CD1F54F9-B722-483A-9D5E-33B1843A9C71}.Debug|Any CPU.ActiveCfg = Debug|Any CPU
		{CD1F54F9-B722-483A-9D5E-33B1843A9C71}.Debug|Any CPU.Build.0 = Debug|Any CPU
		{CD1F54F9-B722-483A-9D5E-33B1843A9C71}.Release|Any CPU.ActiveCfg = Release|Any CPU
		{CD1F54F9-B722-483A-9D5E-33B1843A9C71}.Release|Any CPU.Build.0 = Release|Any CPU
	EndGlobalSection
	GlobalSection(SolutionProperties) = preSolution
		HideSolutionNode = FALSE
	EndGlobalSection
	GlobalSection(ExtensibilityGlobals) = postSolution
		SolutionGuid = {7BE70B01-D49D-4C37-8D6E-969E90C387DF}
	EndGlobalSection
EndGlobal
