
Microsoft Visual Studio Solution File, Format Version 12.00
# Visual Studio Version 16
VisualStudioVersion = 16.0.30503.244
MinimumVisualStudioVersion = 10.0.40219.1
Project("{FAE04EC0-301F-11D3-BF4B-00C04F79EFBC}") = "1.GenericBoxOfString", "1.GenericBoxOfString\1.GenericBoxOfString.csproj", "{4201812A-0E1E-48E7-ABED-EE9329383398}"
EndProject
Project("{FAE04EC0-301F-11D3-BF4B-00C04F79EFBC}") = "2.GenericBoxOfInteger", "2.GenericBoxOfInteger\2.GenericBoxOfInteger.csproj", "{DE758B5B-6A40-4397-AB6A-161AD23D3AAA}"
EndProject
Project("{FAE04EC0-301F-11D3-BF4B-00C04F79EFBC}") = "3.GenericSwapMethodStrings", "3.GenericSwapMethodStrings\3.GenericSwapMethodStrings.csproj", "{05812B8F-1A50-4E3F-90BA-C90D3EA9ECEC}"
EndProject
Project("{FAE04EC0-301F-11D3-BF4B-00C04F79EFBC}") = "5.GenericCountMethodStrings", "5.GenericCountMethodStrings\5.GenericCountMethodStrings.csproj", "{F7CFB884-7102-408E-9AA9-108ECEAD02A5}"
EndProject
Project("{FAE04EC0-301F-11D3-BF4B-00C04F79EFBC}") = "7.Tuple", "7.Tuple\7.Tuple.csproj", "{E7DF0C6D-6408-48DE-95BC-EE7D4EF467F6}"
EndProject
Global
	GlobalSection(SolutionConfigurationPlatforms) = preSolution
		Debug|Any CPU = Debug|Any CPU
		Release|Any CPU = Release|Any CPU
	EndGlobalSection
	GlobalSection(ProjectConfigurationPlatforms) = postSolution
		{4201812A-0E1E-48E7-ABED-EE9329383398}.Debug|Any CPU.ActiveCfg = Debug|Any CPU
		{4201812A-0E1E-48E7-ABED-EE9329383398}.Debug|Any CPU.Build.0 = Debug|Any CPU
		{4201812A-0E1E-48E7-ABED-EE9329383398}.Release|Any CPU.ActiveCfg = Release|Any CPU
		{4201812A-0E1E-48E7-ABED-EE9329383398}.Release|Any CPU.Build.0 = Release|Any CPU
		{DE758B5B-6A40-4397-AB6A-161AD23D3AAA}.Debug|Any CPU.ActiveCfg = Debug|Any CPU
		{DE758B5B-6A40-4397-AB6A-161AD23D3AAA}.Debug|Any CPU.Build.0 = Debug|Any CPU
		{DE758B5B-6A40-4397-AB6A-161AD23D3AAA}.Release|Any CPU.ActiveCfg = Release|Any CPU
		{DE758B5B-6A40-4397-AB6A-161AD23D3AAA}.Release|Any CPU.Build.0 = Release|Any CPU
		{05812B8F-1A50-4E3F-90BA-C90D3EA9ECEC}.Debug|Any CPU.ActiveCfg = Debug|Any CPU
		{05812B8F-1A50-4E3F-90BA-C90D3EA9ECEC}.Debug|Any CPU.Build.0 = Debug|Any CPU
		{05812B8F-1A50-4E3F-90BA-C90D3EA9ECEC}.Release|Any CPU.ActiveCfg = Release|Any CPU
		{05812B8F-1A50-4E3F-90BA-C90D3EA9ECEC}.Release|Any CPU.Build.0 = Release|Any CPU
		{F7CFB884-7102-408E-9AA9-108ECEAD02A5}.Debug|Any CPU.ActiveCfg = Debug|Any CPU
		{F7CFB884-7102-408E-9AA9-108ECEAD02A5}.Debug|Any CPU.Build.0 = Debug|Any CPU
		{F7CFB884-7102-408E-9AA9-108ECEAD02A5}.Release|Any CPU.ActiveCfg = Release|Any CPU
		{F7CFB884-7102-408E-9AA9-108ECEAD02A5}.Release|Any CPU.Build.0 = Release|Any CPU
		{E7DF0C6D-6408-48DE-95BC-EE7D4EF467F6}.Debug|Any CPU.ActiveCfg = Debug|Any CPU
		{E7DF0C6D-6408-48DE-95BC-EE7D4EF467F6}.Debug|Any CPU.Build.0 = Debug|Any CPU
		{E7DF0C6D-6408-48DE-95BC-EE7D4EF467F6}.Release|Any CPU.ActiveCfg = Release|Any CPU
		{E7DF0C6D-6408-48DE-95BC-EE7D4EF467F6}.Release|Any CPU.Build.0 = Release|Any CPU
	EndGlobalSection
	GlobalSection(SolutionProperties) = preSolution
		HideSolutionNode = FALSE
	EndGlobalSection
	GlobalSection(ExtensibilityGlobals) = postSolution
		SolutionGuid = {EA488EFA-6077-48D3-8B51-D7FAEFFCF912}
	EndGlobalSection
EndGlobal
