
Microsoft Visual Studio Solution File, Format Version 12.00
# Visual Studio Version 16
VisualStudioVersion = 16.0.30503.244
MinimumVisualStudioVersion = 10.0.40219.1
Project("{FAE04EC0-301F-11D3-BF4B-00C04F79EFBC}") = "01.Dating App", "01.Dating App\01.Dating App.csproj", "{6FAC4488-590C-48DA-9387-23FEC3A749C3}"
EndProject
Project("{FAE04EC0-301F-11D3-BF4B-00C04F79EFBC}") = "02.BookWorm", "02.BookWorm\02.BookWorm.csproj", "{D297E2BA-01E3-4328-9660-BEAEDE357562}"
EndProject
Project("{FAE04EC0-301F-11D3-BF4B-00C04F79EFBC}") = "3.Rabbits", "3.Rabbits\3.Rabbits.csproj", "{41311AEB-00BB-4D68-A676-484821A9F7F3}"
EndProject
Global
	GlobalSection(SolutionConfigurationPlatforms) = preSolution
		Debug|Any CPU = Debug|Any CPU
		Release|Any CPU = Release|Any CPU
	EndGlobalSection
	GlobalSection(ProjectConfigurationPlatforms) = postSolution
		{6FAC4488-590C-48DA-9387-23FEC3A749C3}.Debug|Any CPU.ActiveCfg = Debug|Any CPU
		{6FAC4488-590C-48DA-9387-23FEC3A749C3}.Debug|Any CPU.Build.0 = Debug|Any CPU
		{6FAC4488-590C-48DA-9387-23FEC3A749C3}.Release|Any CPU.ActiveCfg = Release|Any CPU
		{6FAC4488-590C-48DA-9387-23FEC3A749C3}.Release|Any CPU.Build.0 = Release|Any CPU
		{D297E2BA-01E3-4328-9660-BEAEDE357562}.Debug|Any CPU.ActiveCfg = Debug|Any CPU
		{D297E2BA-01E3-4328-9660-BEAEDE357562}.Debug|Any CPU.Build.0 = Debug|Any CPU
		{D297E2BA-01E3-4328-9660-BEAEDE357562}.Release|Any CPU.ActiveCfg = Release|Any CPU
		{D297E2BA-01E3-4328-9660-BEAEDE357562}.Release|Any CPU.Build.0 = Release|Any CPU
		{41311AEB-00BB-4D68-A676-484821A9F7F3}.Debug|Any CPU.ActiveCfg = Debug|Any CPU
		{41311AEB-00BB-4D68-A676-484821A9F7F3}.Debug|Any CPU.Build.0 = Debug|Any CPU
		{41311AEB-00BB-4D68-A676-484821A9F7F3}.Release|Any CPU.ActiveCfg = Release|Any CPU
		{41311AEB-00BB-4D68-A676-484821A9F7F3}.Release|Any CPU.Build.0 = Release|Any CPU
	EndGlobalSection
	GlobalSection(SolutionProperties) = preSolution
		HideSolutionNode = FALSE
	EndGlobalSection
	GlobalSection(ExtensibilityGlobals) = postSolution
		SolutionGuid = {5CEC5144-F447-44B6-B88D-DDF27D1F6F92}
	EndGlobalSection
EndGlobal
