
Microsoft Visual Studio Solution File, Format Version 12.00
# Visual Studio Version 16
VisualStudioVersion = 16.0.30503.244
MinimumVisualStudioVersion = 10.0.40219.1
Project("{9A19103F-16F7-4668-BE54-9A1E7A4F7556}") = "UnitTestingBasic", "1.UnitTestingBasic\UnitTestingBasic.csproj", "{7AB52A1A-4BA2-49B5-BE19-BFBC720E7BBD}"
EndProject
Project("{9A19103F-16F7-4668-BE54-9A1E7A4F7556}") = "UnitTestingBasic.Tests", "UnitTestingBasicTests\UnitTestingBasic.Tests.csproj", "{5FC54FA7-D9F3-4188-8045-173E964D49AC}"
EndProject
Global
	GlobalSection(SolutionConfigurationPlatforms) = preSolution
		Debug|Any CPU = Debug|Any CPU
		Release|Any CPU = Release|Any CPU
	EndGlobalSection
	GlobalSection(ProjectConfigurationPlatforms) = postSolution
		{7AB52A1A-4BA2-49B5-BE19-BFBC720E7BBD}.Debug|Any CPU.ActiveCfg = Debug|Any CPU
		{7AB52A1A-4BA2-49B5-BE19-BFBC720E7BBD}.Debug|Any CPU.Build.0 = Debug|Any CPU
		{7AB52A1A-4BA2-49B5-BE19-BFBC720E7BBD}.Release|Any CPU.ActiveCfg = Release|Any CPU
		{7AB52A1A-4BA2-49B5-BE19-BFBC720E7BBD}.Release|Any CPU.Build.0 = Release|Any CPU
		{5FC54FA7-D9F3-4188-8045-173E964D49AC}.Debug|Any CPU.ActiveCfg = Debug|Any CPU
		{5FC54FA7-D9F3-4188-8045-173E964D49AC}.Debug|Any CPU.Build.0 = Debug|Any CPU
		{5FC54FA7-D9F3-4188-8045-173E964D49AC}.Release|Any CPU.ActiveCfg = Release|Any CPU
		{5FC54FA7-D9F3-4188-8045-173E964D49AC}.Release|Any CPU.Build.0 = Release|Any CPU
	EndGlobalSection
	GlobalSection(SolutionProperties) = preSolution
		HideSolutionNode = FALSE
	EndGlobalSection
	GlobalSection(ExtensibilityGlobals) = postSolution
		SolutionGuid = {434DB4D0-B675-4CE9-96CB-7BD9B074F487}
	EndGlobalSection
EndGlobal
