
Microsoft Visual Studio Solution File, Format Version 12.00
# Visual Studio Version 16
VisualStudioVersion = 16.0.30611.23
MinimumVisualStudioVersion = 10.0.40219.1
Project("{9A19103F-16F7-4668-BE54-9A1E7A4F7556}") = "Aquarium.Tests", "Aquarium.Tests.csproj", "{BE0EC062-0A4D-4BB2-A380-07FD3F8B7DEE}"
EndProject
Global
	GlobalSection(SolutionConfigurationPlatforms) = preSolution
		Debug|Any CPU = Debug|Any CPU
		Release|Any CPU = Release|Any CPU
	EndGlobalSection
	GlobalSection(ProjectConfigurationPlatforms) = postSolution
		{BE0EC062-0A4D-4BB2-A380-07FD3F8B7DEE}.Debug|Any CPU.ActiveCfg = Debug|Any CPU
		{BE0EC062-0A4D-4BB2-A380-07FD3F8B7DEE}.Debug|Any CPU.Build.0 = Debug|Any CPU
		{BE0EC062-0A4D-4BB2-A380-07FD3F8B7DEE}.Release|Any CPU.ActiveCfg = Release|Any CPU
		{BE0EC062-0A4D-4BB2-A380-07FD3F8B7DEE}.Release|Any CPU.Build.0 = Release|Any CPU
	EndGlobalSection
	GlobalSection(SolutionProperties) = preSolution
		HideSolutionNode = FALSE
	EndGlobalSection
	GlobalSection(ExtensibilityGlobals) = postSolution
		SolutionGuid = {047D8675-4970-4943-BF0E-41A2E8C3AB93}
	EndGlobalSection
EndGlobal
