
Microsoft Visual Studio Solution File, Format Version 12.00
# Visual Studio Version 16
VisualStudioVersion = 16.0.30503.244
MinimumVisualStudioVersion = 10.0.40219.1
Project("{9A19103F-16F7-4668-BE54-9A1E7A4F7556}") = "1.Vehicles", "1.Vehicles\1.Vehicles.csproj", "{A8B6EB7D-C95F-4561-BE61-50F4529DF769}"
EndProject
Project("{FAE04EC0-301F-11D3-BF4B-00C04F79EFBC}") = "4.WildFarm", "4.WildFarm\4.WildFarm.csproj", "{19F32270-4DAE-408D-A891-C9915BAD0CB8}"
EndProject
Global
	GlobalSection(SolutionConfigurationPlatforms) = preSolution
		Debug|Any CPU = Debug|Any CPU
		Release|Any CPU = Release|Any CPU
	EndGlobalSection
	GlobalSection(ProjectConfigurationPlatforms) = postSolution
		{A8B6EB7D-C95F-4561-BE61-50F4529DF769}.Debug|Any CPU.ActiveCfg = Debug|Any CPU
		{A8B6EB7D-C95F-4561-BE61-50F4529DF769}.Debug|Any CPU.Build.0 = Debug|Any CPU
		{A8B6EB7D-C95F-4561-BE61-50F4529DF769}.Release|Any CPU.ActiveCfg = Release|Any CPU
		{A8B6EB7D-C95F-4561-BE61-50F4529DF769}.Release|Any CPU.Build.0 = Release|Any CPU
		{19F32270-4DAE-408D-A891-C9915BAD0CB8}.Debug|Any CPU.ActiveCfg = Debug|Any CPU
		{19F32270-4DAE-408D-A891-C9915BAD0CB8}.Debug|Any CPU.Build.0 = Debug|Any CPU
		{19F32270-4DAE-408D-A891-C9915BAD0CB8}.Release|Any CPU.ActiveCfg = Release|Any CPU
		{19F32270-4DAE-408D-A891-C9915BAD0CB8}.Release|Any CPU.Build.0 = Release|Any CPU
	EndGlobalSection
	GlobalSection(SolutionProperties) = preSolution
		HideSolutionNode = FALSE
	EndGlobalSection
	GlobalSection(ExtensibilityGlobals) = postSolution
		SolutionGuid = {66B5E18F-442D-4859-9E2A-380DAFC3831B}
	EndGlobalSection
EndGlobal
