
Microsoft Visual Studio Solution File, Format Version 12.00
# Visual Studio Version 16
VisualStudioVersion = 16.0.30611.23
MinimumVisualStudioVersion = 10.0.40219.1
Project("{9A19103F-16F7-4668-BE54-9A1E7A4F7556}") = "Aqua_Shop", "Aqua_Shop.csproj", "{9CEAD209-AD08-4259-AE2B-BD9BAA64D60F}"
EndProject
Global
	GlobalSection(SolutionConfigurationPlatforms) = preSolution
		Debug|Any CPU = Debug|Any CPU
		Release|Any CPU = Release|Any CPU
	EndGlobalSection
	GlobalSection(ProjectConfigurationPlatforms) = postSolution
		{9CEAD209-AD08-4259-AE2B-BD9BAA64D60F}.Debug|Any CPU.ActiveCfg = Debug|Any CPU
		{9CEAD209-AD08-4259-AE2B-BD9BAA64D60F}.Debug|Any CPU.Build.0 = Debug|Any CPU
		{9CEAD209-AD08-4259-AE2B-BD9BAA64D60F}.Release|Any CPU.ActiveCfg = Release|Any CPU
		{9CEAD209-AD08-4259-AE2B-BD9BAA64D60F}.Release|Any CPU.Build.0 = Release|Any CPU
	EndGlobalSection
	GlobalSection(SolutionProperties) = preSolution
		HideSolutionNode = FALSE
	EndGlobalSection
	GlobalSection(ExtensibilityGlobals) = postSolution
		SolutionGuid = {D505F0B8-7B5B-4E21-9F27-55F8549705D4}
	EndGlobalSection
EndGlobal
